
Microsoft Visual Studio Solution File, Format Version 12.00
# Visual Studio Version 17
VisualStudioVersion = 17.7.34031.279
MinimumVisualStudioVersion = 10.0.40219.1
Project("{FAE04EC0-301F-11D3-BF4B-00C04F79EFBC}") = "WebServer1", "WebServer1\WebServer1.csproj", "{B6F7FAAA-4847-4A6E-AD62-C458B14DCC2D}"
EndProject
Global
	GlobalSection(SolutionConfigurationPlatforms) = preSolution
		Debug|Any CPU = Debug|Any CPU
		Release|Any CPU = Release|Any CPU
	EndGlobalSection
	GlobalSection(ProjectConfigurationPlatforms) = postSolution
		{B6F7FAAA-4847-4A6E-AD62-C458B14DCC2D}.Debug|Any CPU.ActiveCfg = Debug|Any CPU
		{B6F7FAAA-4847-4A6E-AD62-C458B14DCC2D}.Debug|Any CPU.Build.0 = Debug|Any CPU
		{B6F7FAAA-4847-4A6E-AD62-C458B14DCC2D}.Release|Any CPU.ActiveCfg = Release|Any CPU
		{B6F7FAAA-4847-4A6E-AD62-C458B14DCC2D}.Release|Any CPU.Build.0 = Release|Any CPU
	EndGlobalSection
	GlobalSection(SolutionProperties) = preSolution
		HideSolutionNode = FALSE
	EndGlobalSection
	GlobalSection(ExtensibilityGlobals) = postSolution
		SolutionGuid = {DD5FA659-CB5A-4A97-AD86-311B22AE47D3}
	EndGlobalSection
EndGlobal
